
Microsoft Visual Studio Solution File, Format Version 12.00
# Visual Studio Version 17
VisualStudioVersion = 17.8.34330.188
MinimumVisualStudioVersion = 10.0.40219.1
Project("{9A19103F-16F7-4668-BE54-9A1E7A4F7556}") = "CodeRank.Web", "CodeRank.Web\CodeRank.Web.csproj", "{1E5F05A4-F56D-4AFA-A83F-BE963127EA0E}"
EndProject
Project("{9A19103F-16F7-4668-BE54-9A1E7A4F7556}") = "CodeRank.Domain", "CodeRank.Domain\CodeRank.Domain.csproj", "{38C37F4A-A97C-4B98-B703-CE74A4A891AE}"
EndProject
Project("{9A19103F-16F7-4668-BE54-9A1E7A4F7556}") = "CodeRank.Application", "CodeRank.Application\CodeRank.Application.csproj", "{671FB857-5280-49CC-84A1-2DFFA967C10F}"
EndProject
Project("{9A19103F-16F7-4668-BE54-9A1E7A4F7556}") = "CodeRank.Infrastructure", "CodeRank.Infrastructure\CodeRank.Infrastructure.csproj", "{A6490B9D-CFF4-4B8C-9D5B-FBA758640A61}"
EndProject
Project("{9A19103F-16F7-4668-BE54-9A1E7A4F7556}") = "CodeRank.Presentation", "CodeRank.Presentation\CodeRank.Presentation.csproj", "{85BBC7E5-E0E4-4E47-B014-5B545C4693D8}"
EndProject
Project("{9A19103F-16F7-4668-BE54-9A1E7A4F7556}") = "CodeRank.API", "CodeRank.API\CodeRank.API.csproj", "{F706B963-8AB3-466E-915D-5B08F3F8A07B}"
EndProject
Project("{FAE04EC0-301F-11D3-BF4B-00C04F79EFBC}") = "CodeRank.App", "CodeRank.App\CodeRank.App.csproj", "{70535B07-7FC3-47A3-847E-94B47DB25245}"
EndProject
Global
	GlobalSection(SolutionConfigurationPlatforms) = preSolution
		Debug|Any CPU = Debug|Any CPU
		Release|Any CPU = Release|Any CPU
	EndGlobalSection
	GlobalSection(ProjectConfigurationPlatforms) = postSolution
		{1E5F05A4-F56D-4AFA-A83F-BE963127EA0E}.Debug|Any CPU.ActiveCfg = Debug|Any CPU
		{1E5F05A4-F56D-4AFA-A83F-BE963127EA0E}.Debug|Any CPU.Build.0 = Debug|Any CPU
		{1E5F05A4-F56D-4AFA-A83F-BE963127EA0E}.Release|Any CPU.ActiveCfg = Release|Any CPU
		{1E5F05A4-F56D-4AFA-A83F-BE963127EA0E}.Release|Any CPU.Build.0 = Release|Any CPU
		{38C37F4A-A97C-4B98-B703-CE74A4A891AE}.Debug|Any CPU.ActiveCfg = Debug|Any CPU
		{38C37F4A-A97C-4B98-B703-CE74A4A891AE}.Debug|Any CPU.Build.0 = Debug|Any CPU
		{38C37F4A-A97C-4B98-B703-CE74A4A891AE}.Release|Any CPU.ActiveCfg = Release|Any CPU
		{38C37F4A-A97C-4B98-B703-CE74A4A891AE}.Release|Any CPU.Build.0 = Release|Any CPU
		{671FB857-5280-49CC-84A1-2DFFA967C10F}.Debug|Any CPU.ActiveCfg = Debug|Any CPU
		{671FB857-5280-49CC-84A1-2DFFA967C10F}.Debug|Any CPU.Build.0 = Debug|Any CPU
		{671FB857-5280-49CC-84A1-2DFFA967C10F}.Release|Any CPU.ActiveCfg = Release|Any CPU
		{671FB857-5280-49CC-84A1-2DFFA967C10F}.Release|Any CPU.Build.0 = Release|Any CPU
		{A6490B9D-CFF4-4B8C-9D5B-FBA758640A61}.Debug|Any CPU.ActiveCfg = Debug|Any CPU
		{A6490B9D-CFF4-4B8C-9D5B-FBA758640A61}.Debug|Any CPU.Build.0 = Debug|Any CPU
		{A6490B9D-CFF4-4B8C-9D5B-FBA758640A61}.Release|Any CPU.ActiveCfg = Release|Any CPU
		{A6490B9D-CFF4-4B8C-9D5B-FBA758640A61}.Release|Any CPU.Build.0 = Release|Any CPU
		{85BBC7E5-E0E4-4E47-B014-5B545C4693D8}.Debug|Any CPU.ActiveCfg = Debug|Any CPU
		{85BBC7E5-E0E4-4E47-B014-5B545C4693D8}.Debug|Any CPU.Build.0 = Debug|Any CPU
		{85BBC7E5-E0E4-4E47-B014-5B545C4693D8}.Release|Any CPU.ActiveCfg = Release|Any CPU
		{85BBC7E5-E0E4-4E47-B014-5B545C4693D8}.Release|Any CPU.Build.0 = Release|Any CPU
		{F706B963-8AB3-466E-915D-5B08F3F8A07B}.Debug|Any CPU.ActiveCfg = Debug|Any CPU
		{F706B963-8AB3-466E-915D-5B08F3F8A07B}.Debug|Any CPU.Build.0 = Debug|Any CPU
		{F706B963-8AB3-466E-915D-5B08F3F8A07B}.Release|Any CPU.ActiveCfg = Release|Any CPU
		{F706B963-8AB3-466E-915D-5B08F3F8A07B}.Release|Any CPU.Build.0 = Release|Any CPU
		{70535B07-7FC3-47A3-847E-94B47DB25245}.Debug|Any CPU.ActiveCfg = Debug|Any CPU
		{70535B07-7FC3-47A3-847E-94B47DB25245}.Debug|Any CPU.Build.0 = Debug|Any CPU
		{70535B07-7FC3-47A3-847E-94B47DB25245}.Release|Any CPU.ActiveCfg = Release|Any CPU
		{70535B07-7FC3-47A3-847E-94B47DB25245}.Release|Any CPU.Build.0 = Release|Any CPU
	EndGlobalSection
	GlobalSection(SolutionProperties) = preSolution
		HideSolutionNode = FALSE
	EndGlobalSection
	GlobalSection(ExtensibilityGlobals) = postSolution
		SolutionGuid = {9270595B-1BBB-4FFB-8E97-9E286CA3EC36}
	EndGlobalSection
EndGlobal
